
Microsoft Visual Studio Solution File, Format Version 12.00
# Visual Studio Version 17
VisualStudioVersion = 17.13.35931.197 d17.13
MinimumVisualStudioVersion = 10.0.40219.1
Project("{FAE04EC0-301F-11D3-BF4B-00C04F79EFBC}") = "SoulsTranslate", "SoulsTranslate.csproj", "{8B2FA020-173F-4DFA-AE0A-823678098DA9}"
EndProject
Global
	GlobalSection(SolutionConfigurationPlatforms) = preSolution
		Debug|Any CPU = Debug|Any CPU
		Release|Any CPU = Release|Any CPU
	EndGlobalSection
	GlobalSection(ProjectConfigurationPlatforms) = postSolution
		{8B2FA020-173F-4DFA-AE0A-823678098DA9}.Debug|Any CPU.ActiveCfg = Debug|Any CPU
		{8B2FA020-173F-4DFA-AE0A-823678098DA9}.Debug|Any CPU.Build.0 = Debug|Any CPU
		{8B2FA020-173F-4DFA-AE0A-823678098DA9}.Release|Any CPU.ActiveCfg = Release|Any CPU
		{8B2FA020-173F-4DFA-AE0A-823678098DA9}.Release|Any CPU.Build.0 = Release|Any CPU
	EndGlobalSection
	GlobalSection(SolutionProperties) = preSolution
		HideSolutionNode = FALSE
	EndGlobalSection
	GlobalSection(ExtensibilityGlobals) = postSolution
		SolutionGuid = {F0AC3321-3693-48E6-9835-0FC609C6F407}
	EndGlobalSection
EndGlobal
